
Microsoft Visual Studio Solution File, Format Version 12.00
# Visual Studio Version 17
VisualStudioVersion = 17.11.35222.181
MinimumVisualStudioVersion = 10.0.40219.1
Project("{FAE04EC0-301F-11D3-BF4B-00C04F79EFBC}") = "StudentInfoApplication", "StudentInfoApplication\StudentInfoApplication.csproj", "{C45A9D8D-4EF9-4C34-99CA-634F7B9F043A}"
EndProject
Global
	GlobalSection(SolutionConfigurationPlatforms) = preSolution
		Debug|Any CPU = Debug|Any CPU
		Release|Any CPU = Release|Any CPU
	EndGlobalSection
	GlobalSection(ProjectConfigurationPlatforms) = postSolution
		{C45A9D8D-4EF9-4C34-99CA-634F7B9F043A}.Debug|Any CPU.ActiveCfg = Debug|Any CPU
		{C45A9D8D-4EF9-4C34-99CA-634F7B9F043A}.Debug|Any CPU.Build.0 = Debug|Any CPU
		{C45A9D8D-4EF9-4C34-99CA-634F7B9F043A}.Release|Any CPU.ActiveCfg = Release|Any CPU
		{C45A9D8D-4EF9-4C34-99CA-634F7B9F043A}.Release|Any CPU.Build.0 = Release|Any CPU
	EndGlobalSection
	GlobalSection(SolutionProperties) = preSolution
		HideSolutionNode = FALSE
	EndGlobalSection
	GlobalSection(ExtensibilityGlobals) = postSolution
		SolutionGuid = {FBD17E25-1C82-48FB-96CE-26E336E1A001}
	EndGlobalSection
EndGlobal
